// !$*UTF8*$!
{
	archiveVersion = 1;
	classes = {
	};
	objectVersion = 46;
	objects = {

/* Begin PBXBuildFile section */
		8BCCB31A1AA63A13006C6AE0 /* DQAccessibitylTextField.m in Sources */ = {isa = PBXBuildFile; fileRef = 8BCCB3191AA63A13006C6AE0 /* DQAccessibitylTextField.m */; };
		8BD998091AA8BAAF00DBA6AF /* iOSFormsViewController.m in Sources */ = {isa = PBXBuildFile; fileRef = 8BD998081AA8BAAF00DBA6AF /* iOSFormsViewController.m */; };
		8BDAD3541AA60A95009B3458 /* main.m in Sources */ = {isa = PBXBuildFile; fileRef = 8BDAD3531AA60A95009B3458 /* main.m */; };
		8BDAD3571AA60A95009B3458 /* AppDelegate.m in Sources */ = {isa = PBXBuildFile; fileRef = 8BDAD3561AA60A95009B3458 /* AppDelegate.m */; };
		8BDAD35A1AA60A95009B3458 /* ViewController.m in Sources */ = {isa = PBXBuildFile; fileRef = 8BDAD3591AA60A95009B3458 /* ViewController.m */; };
		8BDAD35D1AA60A95009B3458 /* Main.storyboard in Resources */ = {isa = PBXBuildFile; fileRef = 8BDAD35B1AA60A95009B3458 /* Main.storyboard */; };
		8BDAD35F1AA60A95009B3458 /* Images.xcassets in Resources */ = {isa = PBXBuildFile; fileRef = 8BDAD35E1AA60A95009B3458 /* Images.xcassets */; };
		8BDAD3621AA60A95009B3458 /* LaunchScreen.xib in Resources */ = {isa = PBXBuildFile; fileRef = 8BDAD3601AA60A95009B3458 /* LaunchScreen.xib */; };
		8BDAD36E1AA60A95009B3458 /* iOSFormsDemoTests.m in Sources */ = {isa = PBXBuildFile; fileRef = 8BDAD36D1AA60A95009B3458 /* iOSFormsDemoTests.m */; };
/* End PBXBuildFile section */

/* Begin PBXContainerItemProxy section */
		8BDAD3681AA60A95009B3458 /* PBXContainerItemProxy */ = {
			isa = PBXContainerItemProxy;
			containerPortal = 8BDAD3461AA60A94009B3458 /* Project object */;
			proxyType = 1;
			remoteGlobalIDString = 8BDAD34D1AA60A95009B3458;
			remoteInfo = iOSFormsDemo;
		};
/* End PBXContainerItemProxy section */

/* Begin PBXFileReference section */
		8BCCB3181AA63A13006C6AE0 /* DQAccessibitylTextField.h */ = {isa = PBXFileReference; fileEncoding = 4; lastKnownFileType = sourcecode.c.h; path = DQAccessibitylTextField.h; sourceTree = "<group>"; };
		8BCCB3191AA63A13006C6AE0 /* DQAccessibitylTextField.m */ = {isa = PBXFileReference; fileEncoding = 4; lastKnownFileType = sourcecode.c.objc; path = DQAccessibitylTextField.m; sourceTree = "<group>"; };
		8BD998081AA8BAAF00DBA6AF /* iOSFormsViewController.m */ = {isa = PBXFileReference; fileEncoding = 4; lastKnownFileType = sourcecode.c.objc; path = iOSFormsViewController.m; sourceTree = "<group>"; };
		8BDAD34E1AA60A95009B3458 /* iOSFormsDemo.app */ = {isa = PBXFileReference; explicitFileType = wrapper.application; includeInIndex = 0; path = iOSFormsDemo.app; sourceTree = BUILT_PRODUCTS_DIR; };
		8BDAD3521AA60A95009B3458 /* Info.plist */ = {isa = PBXFileReference; lastKnownFileType = text.plist.xml; path = Info.plist; sourceTree = "<group>"; };
		8BDAD3531AA60A95009B3458 /* main.m */ = {isa = PBXFileReference; lastKnownFileType = sourcecode.c.objc; path = main.m; sourceTree = "<group>"; };
		8BDAD3551AA60A95009B3458 /* AppDelegate.h */ = {isa = PBXFileReference; lastKnownFileType = sourcecode.c.h; path = AppDelegate.h; sourceTree = "<group>"; };
		8BDAD3561AA60A95009B3458 /* AppDelegate.m */ = {isa = PBXFileReference; lastKnownFileType = sourcecode.c.objc; path = AppDelegate.m; sourceTree = "<group>"; };
		8BDAD3581AA60A95009B3458 /* ViewController.h */ = {isa = PBXFileReference; lastKnownFileType = sourcecode.c.h; path = ViewController.h; sourceTree = "<group>"; };
		8BDAD3591AA60A95009B3458 /* ViewController.m */ = {isa = PBXFileReference; lastKnownFileType = sourcecode.c.objc; path = ViewController.m; sourceTree = "<group>"; };
		8BDAD35C1AA60A95009B3458 /* Base */ = {isa = PBXFileReference; lastKnownFileType = file.storyboard; name = Base; path = Base.lproj/Main.storyboard; sourceTree = "<group>"; };
		8BDAD35E1AA60A95009B3458 /* Images.xcassets */ = {isa = PBXFileReference; lastKnownFileType = folder.assetcatalog; path = Images.xcassets; sourceTree = "<group>"; };
		8BDAD3611AA60A95009B3458 /* Base */ = {isa = PBXFileReference; lastKnownFileType = file.xib; name = Base; path = Base.lproj/LaunchScreen.xib; sourceTree = "<group>"; };
		8BDAD3671AA60A95009B3458 /* iOSFormsDemoTests.xctest */ = {isa = PBXFileReference; explicitFileType = wrapper.cfbundle; includeInIndex = 0; path = iOSFormsDemoTests.xctest; sourceTree = BUILT_PRODUCTS_DIR; };
		8BDAD36C1AA60A95009B3458 /* Info.plist */ = {isa = PBXFileReference; lastKnownFileType = text.plist.xml; path = Info.plist; sourceTree = "<group>"; };
		8BDAD36D1AA60A95009B3458 /* iOSFormsDemoTests.m */ = {isa = PBXFileReference; lastKnownFileType = sourcecode.c.objc; path = iOSFormsDemoTests.m; sourceTree = "<group>"; };
/* End PBXFileReference section */

/* Begin PBXFrameworksBuildPhase section */
		8BDAD34B1AA60A95009B3458 /* Frameworks */ = {
			isa = PBXFrameworksBuildPhase;
			buildActionMask = 2147483647;
			files = (
			);
			runOnlyForDeploymentPostprocessing = 0;
		};
		8BDAD3641AA60A95009B3458 /* Frameworks */ = {
			isa = PBXFrameworksBuildPhase;
			buildActionMask = 2147483647;
			files = (
			);
			runOnlyForDeploymentPostprocessing = 0;
		};
/* End PBXFrameworksBuildPhase section */

/* Begin PBXGroup section */
		8BDAD3451AA60A94009B3458 = {
			isa = PBXGroup;
			children = (
				8BDAD3501AA60A95009B3458 /* iOSFormsDemo */,
				8BDAD36A1AA60A95009B3458 /* iOSFormsDemoTests */,
				8BDAD34F1AA60A95009B3458 /* Products */,
			);
			sourceTree = "<group>";
		};
		8BDAD34F1AA60A95009B3458 /* Products */ = {
			isa = PBXGroup;
			children = (
				8BDAD34E1AA60A95009B3458 /* iOSFormsDemo.app */,
				8BDAD3671AA60A95009B3458 /* iOSFormsDemoTests.xctest */,
			);
			name = Products;
			sourceTree = "<group>";
		};
		8BDAD3501AA60A95009B3458 /* iOSFormsDemo */ = {
			isa = PBXGroup;
			children = (
				8BCCB3181AA63A13006C6AE0 /* DQAccessibitylTextField.h */,
				8BCCB3191AA63A13006C6AE0 /* DQAccessibitylTextField.m */,
				8BDAD3551AA60A95009B3458 /* AppDelegate.h */,
				8BDAD3561AA60A95009B3458 /* AppDelegate.m */,
				8BDAD3581AA60A95009B3458 /* ViewController.h */,
				8BDAD3591AA60A95009B3458 /* ViewController.m */,
				8BDAD35B1AA60A95009B3458 /* Main.storyboard */,
				8BDAD3601AA60A95009B3458 /* LaunchScreen.xib */,
				8BDAD35E1AA60A95009B3458 /* Images.xcassets */,
				8BDAD3511AA60A95009B3458 /* Supporting Files */,
			);
			path = iOSFormsDemo;
			sourceTree = "<group>";
		};
		8BDAD3511AA60A95009B3458 /* Supporting Files */ = {
			isa = PBXGroup;
			children = (
				8BDAD3521AA60A95009B3458 /* Info.plist */,
				8BDAD3531AA60A95009B3458 /* main.m */,
			);
			name = "Supporting Files";
			sourceTree = "<group>";
		};
		8BDAD36A1AA60A95009B3458 /* iOSFormsDemoTests */ = {
			isa = PBXGroup;
			children = (
				8BDAD36D1AA60A95009B3458 /* iOSFormsDemoTests.m */,
				8BD998081AA8BAAF00DBA6AF /* iOSFormsViewController.m */,
				8BDAD36B1AA60A95009B3458 /* Supporting Files */,
			);
			path = iOSFormsDemoTests;
			sourceTree = "<group>";
		};
		8BDAD36B1AA60A95009B3458 /* Supporting Files */ = {
			isa = PBXGroup;
			children = (
				8BDAD36C1AA60A95009B3458 /* Info.plist */,
			);
			name = "Supporting Files";
			sourceTree = "<group>";
		};
/* End PBXGroup section */

/* Begin PBXNativeTarget section */
		8BDAD34D1AA60A95009B3458 /* iOSFormsDemo */ = {
			isa = PBXNativeTarget;
			buildConfigurationList = 8BDAD3711AA60A95009B3458 /* Build configuration list for PBXNativeTarget "iOSFormsDemo" */;
			buildPhases = (
				8BDAD34A1AA60A95009B3458 /* Sources */,
				8BDAD34B1AA60A95009B3458 /* Frameworks */,
				8BDAD34C1AA60A95009B3458 /* Resources */,
			);
			buildRules = (
			);
			dependencies = (
			);
			name = iOSFormsDemo;
			productName = iOSFormsDemo;
			productReference = 8BDAD34E1AA60A95009B3458 /* iOSFormsDemo.app */;
			productType = "com.apple.product-type.application";
		};
		8BDAD3661AA60A95009B3458 /* iOSFormsDemoTests */ = {
			isa = PBXNativeTarget;
			buildConfigurationList = 8BDAD3741AA60A95009B3458 /* Build configuration list for PBXNativeTarget "iOSFormsDemoTests" */;
			buildPhases = (
				8BDAD3631AA60A95009B3458 /* Sources */,
				8BDAD3641AA60A95009B3458 /* Frameworks */,
				8BDAD3651AA60A95009B3458 /* Resources */,
			);
			buildRules = (
			);
			dependencies = (
				8BDAD3691AA60A95009B3458 /* PBXTargetDependency */,
			);
			name = iOSFormsDemoTests;
			productName = iOSFormsDemoTests;
			productReference = 8BDAD3671AA60A95009B3458 /* iOSFormsDemoTests.xctest */;
			productType = "com.apple.product-type.bundle.unit-test";
		};
/* End PBXNativeTarget section */

/* Begin PBXProject section */
		8BDAD3461AA60A94009B3458 /* Project object */ = {
			isa = PBXProject;
			attributes = {
				LastUpgradeCheck = 0610;
				ORGANIZATIONNAME = "Deque Developer";
				TargetAttributes = {
					8BDAD34D1AA60A95009B3458 = {
						CreatedOnToolsVersion = 6.1.1;
					};
					8BDAD3661AA60A95009B3458 = {
						CreatedOnToolsVersion = 6.1.1;
						TestTargetID = 8BDAD34D1AA60A95009B3458;
					};
				};
			};
			buildConfigurationList = 8BDAD3491AA60A94009B3458 /* Build configuration list for PBXProject "iOSFormsDemo" */;
			compatibilityVersion = "Xcode 3.2";
			developmentRegion = English;
			hasScannedForEncodings = 0;
			knownRegions = (
				en,
				Base,
			);
			mainGroup = 8BDAD3451AA60A94009B3458;
			productRefGroup = 8BDAD34F1AA60A95009B3458 /* Products */;
			projectDirPath = "";
			projectRoot = "";
			targets = (
				8BDAD34D1AA60A95009B3458 /* iOSFormsDemo */,
				8BDAD3661AA60A95009B3458 /* iOSFormsDemoTests */,
			);
		};
/* End PBXProject section */

/* Begin PBXResourcesBuildPhase section */
		8BDAD34C1AA60A95009B3458 /* Resources */ = {
			isa = PBXResourcesBuildPhase;
			buildActionMask = 2147483647;
			files = (
				8BDAD35D1AA60A95009B3458 /* Main.storyboard in Resources */,
				8BDAD3621AA60A95009B3458 /* LaunchScreen.xib in Resources */,
				8BDAD35F1AA60A95009B3458 /* Images.xcassets in Resources */,
			);
			runOnlyForDeploymentPostprocessing = 0;
		};
		8BDAD3651AA60A95009B3458 /* Resources */ = {
			isa = PBXResourcesBuildPhase;
			buildActionMask = 2147483647;
			files = (
			);
			runOnlyForDeploymentPostprocessing = 0;
		};
/* End PBXResourcesBuildPhase section */

/* Begin PBXSourcesBuildPhase section */
		8BDAD34A1AA60A95009B3458 /* Sources */ = {
			isa = PBXSourcesBuildPhase;
			buildActionMask = 2147483647;
			files = (
				8BDAD35A1AA60A95009B3458 /* ViewController.m in Sources */,
				8BCCB31A1AA63A13006C6AE0 /* DQAccessibitylTextField.m in Sources */,
				8BDAD3571AA60A95009B3458 /* AppDelegate.m in Sources */,
				8BDAD3541AA60A95009B3458 /* main.m in Sources */,
			);
			runOnlyForDeploymentPostprocessing = 0;
		};
		8BDAD3631AA60A95009B3458 /* Sources */ = {
			isa = PBXSourcesBuildPhase;
			buildActionMask = 2147483647;
			files = (
				8BD998091AA8BAAF00DBA6AF /* iOSFormsViewController.m in Sources */,
				8BDAD36E1AA60A95009B3458 /* iOSFormsDemoTests.m in Sources */,
			);
			runOnlyForDeploymentPostprocessing = 0;
		};
/* End PBXSourcesBuildPhase section */

/* Begin PBXTargetDependency section */
		8BDAD3691AA60A95009B3458 /* PBXTargetDependency */ = {
			isa = PBXTargetDependency;
			target = 8BDAD34D1AA60A95009B3458 /* iOSFormsDemo */;
			targetProxy = 8BDAD3681AA60A95009B3458 /* PBXContainerItemProxy */;
		};
/* End PBXTargetDependency section */

/* Begin PBXVariantGroup section */
		8BDAD35B1AA60A95009B3458 /* Main.storyboard */ = {
			isa = PBXVariantGroup;
			children = (
				8BDAD35C1AA60A95009B3458 /* Base */,
			);
			name = Main.storyboard;
			sourceTree = "<group>";
		};
		8BDAD3601AA60A95009B3458 /* LaunchScreen.xib */ = {
			isa = PBXVariantGroup;
			children = (
				8BDAD3611AA60A95009B3458 /* Base */,
			);
			name = LaunchScreen.xib;
			sourceTree = "<group>";
		};
/* End PBXVariantGroup section */

/* Begin XCBuildConfiguration section */
		8BDAD36F1AA60A95009B3458 /* Debug */ = {
			isa = XCBuildConfiguration;
			buildSettings = {
				ALWAYS_SEARCH_USER_PATHS = NO;
				CLANG_CXX_LANGUAGE_STANDARD = "gnu++0x";
				CLANG_CXX_LIBRARY = "libc++";
				CLANG_ENABLE_MODULES = YES;
				CLANG_ENABLE_OBJC_ARC = YES;
				CLANG_WARN_BOOL_CONVERSION = YES;
				CLANG_WARN_CONSTANT_CONVERSION = YES;
				CLANG_WARN_DIRECT_OBJC_ISA_USAGE = YES_ERROR;
				CLANG_WARN_EMPTY_BODY = YES;
				CLANG_WARN_ENUM_CONVERSION = YES;
				CLANG_WARN_INT_CONVERSION = YES;
				CLANG_WARN_OBJC_ROOT_CLASS = YES_ERROR;
				CLANG_WARN_UNREACHABLE_CODE = YES;
				CLANG_WARN__DUPLICATE_METHOD_MATCH = YES;
				"CODE_SIGN_IDENTITY[sdk=iphoneos*]" = "iPhone Developer";
				COPY_PHASE_STRIP = NO;
				ENABLE_STRICT_OBJC_MSGSEND = YES;
				GCC_C_LANGUAGE_STANDARD = gnu99;
				GCC_DYNAMIC_NO_PIC = NO;
				GCC_OPTIMIZATION_LEVEL = 0;
				GCC_PREPROCESSOR_DEFINITIONS = (
					"DEBUG=1",
					"$(inherited)",
				);
				GCC_SYMBOLS_PRIVATE_EXTERN = NO;
				GCC_WARN_64_TO_32_BIT_CONVERSION = YES;
				GCC_WARN_ABOUT_RETURN_TYPE = YES_ERROR;
				GCC_WARN_UNDECLARED_SELECTOR = YES;
				GCC_WARN_UNINITIALIZED_AUTOS = YES_AGGRESSIVE;
				GCC_WARN_UNUSED_FUNCTION = YES;
				GCC_WARN_UNUSED_VARIABLE = YES;
				IPHONEOS_DEPLOYMENT_TARGET = 8.1;
				MTL_ENABLE_DEBUG_INFO = YES;
				ONLY_ACTIVE_ARCH = YES;
				SDKROOT = iphoneos;
				TARGETED_DEVICE_FAMILY = "1,2";
			};
			name = Debug;
		};
		8BDAD3701AA60A95009B3458 /* Release */ = {
			isa = XCBuildConfiguration;
			buildSettings = {
				ALWAYS_SEARCH_USER_PATHS = NO;
				CLANG_CXX_LANGUAGE_STANDARD = "gnu++0x";
				CLANG_CXX_LIBRARY = "libc++";
				CLANG_ENABLE_MODULES = YES;
				CLANG_ENABLE_OBJC_ARC = YES;
				CLANG_WARN_BOOL_CONVERSION = YES;
				CLANG_WARN_CONSTANT_CONVERSION = YES;
				CLANG_WARN_DIRECT_OBJC_ISA_USAGE = YES_ERROR;
				CLANG_WARN_EMPTY_BODY = YES;
				CLANG_WARN_ENUM_CONVERSION = YES;
				CLANG_WARN_INT_CONVERSION = YES;
				CLANG_WARN_OBJC_ROOT_CLASS = YES_ERROR;
				CLANG_WARN_UNREACHABLE_CODE = YES;
				CLANG_WARN__DUPLICATE_METHOD_MATCH = YES;
				"CODE_SIGN_IDENTITY[sdk=iphoneos*]" = "iPhone Developer";
				COPY_PHASE_STRIP = YES;
				ENABLE_NS_ASSERTIONS = NO;
				ENABLE_STRICT_OBJC_MSGSEND = YES;
				GCC_C_LANGUAGE_STANDARD = gnu99;
				GCC_WARN_64_TO_32_BIT_CONVERSION = YES;
				GCC_WARN_ABOUT_RETURN_TYPE = YES_ERROR;
				GCC_WARN_UNDECLARED_SELECTOR = YES;
				GCC_WARN_UNINITIALIZED_AUTOS = YES_AGGRESSIVE;
				GCC_WARN_UNUSED_FUNCTION = YES;
				GCC_WARN_UNUSED_VARIABLE = YES;
				IPHONEOS_DEPLOYMENT_TARGET = 8.1;
				MTL_ENABLE_DEBUG_INFO = NO;
				SDKROOT = iphoneos;
				TARGETED_DEVICE_FAMILY = "1,2";
				VALIDATE_PRODUCT = YES;
			};
			name = Release;
		};
		8BDAD3721AA60A95009B3458 /* Debug */ = {
			isa = XCBuildConfiguration;
			buildSettings = {
				ASSETCATALOG_COMPILER_APPICON_NAME = AppIcon;
				INFOPLIST_FILE = iOSFormsDemo/Info.plist;
				LD_RUNPATH_SEARCH_PATHS = "$(inherited) @executable_path/Frameworks";
				PRODUCT_NAME = "$(TARGET_NAME)";
			};
			name = Debug;
		};
		8BDAD3731AA60A95009B3458 /* Release */ = {
			isa = XCBuildConfiguration;
			buildSettings = {
				ASSETCATALOG_COMPILER_APPICON_NAME = AppIcon;
				INFOPLIST_FILE = iOSFormsDemo/Info.plist;
				LD_RUNPATH_SEARCH_PATHS = "$(inherited) @executable_path/Frameworks";
				PRODUCT_NAME = "$(TARGET_NAME)";
			};
			name = Release;
		};
		8BDAD3751AA60A95009B3458 /* Debug */ = {
			isa = XCBuildConfiguration;
			buildSettings = {
				BUNDLE_LOADER = "$(TEST_HOST)";
				FRAMEWORK_SEARCH_PATHS = (
					"$(SDKROOT)/Developer/Library/Frameworks",
					"$(inherited)",
				);
				GCC_PREPROCESSOR_DEFINITIONS = (
					"DEBUG=1",
					"$(inherited)",
				);
				INFOPLIST_FILE = iOSFormsDemoTests/Info.plist;
				LD_RUNPATH_SEARCH_PATHS = "$(inherited) @executable_path/Frameworks @loader_path/Frameworks";
				PRODUCT_NAME = "$(TARGET_NAME)";
				TEST_HOST = "$(BUILT_PRODUCTS_DIR)/iOSFormsDemo.app/iOSFormsDemo";
			};
			name = Debug;
		};
		8BDAD3761AA60A95009B3458 /* Release */ = {
			isa = XCBuildConfiguration;
			buildSettings = {
				BUNDLE_LOADER = "$(TEST_HOST)";
				FRAMEWORK_SEARCH_PATHS = (
					"$(SDKROOT)/Developer/Library/Frameworks",
					"$(inherited)",
				);
				INFOPLIST_FILE = iOSFormsDemoTests/Info.plist;
				LD_RUNPATH_SEARCH_PATHS = "$(inherited) @executable_path/Frameworks @loader_path/Frameworks";
				PRODUCT_NAME = "$(TARGET_NAME)";
				TEST_HOST = "$(BUILT_PRODUCTS_DIR)/iOSFormsDemo.app/iOSFormsDemo";
			};
			name = Release;
		};
/* End XCBuildConfiguration section */

/* Begin XCConfigurationList section */
		8BDAD3491AA60A94009B3458 /* Build configuration list for PBXProject "iOSFormsDemo" */ = {
			isa = XCConfigurationList;
			buildConfigurations = (
				8BDAD36F1AA60A95009B3458 /* Debug */,
				8BDAD3701AA60A95009B3458 /* Release */,
			);
			defaultConfigurationIsVisible = 0;
			defaultConfigurationName = Release;
		};
		8BDAD3711AA60A95009B3458 /* Build configuration list for PBXNativeTarget "iOSFormsDemo" */ = {
			isa = XCConfigurationList;
			buildConfigurations = (
				8BDAD3721AA60A95009B3458 /* Debug */,
				8BDAD3731AA60A95009B3458 /* Release */,
			);
			defaultConfigurationIsVisible = 0;
			defaultConfigurationName = Release;
		};
		8BDAD3741AA60A95009B3458 /* Build configuration list for PBXNativeTarget "iOSFormsDemoTests" */ = {
			isa = XCConfigurationList;
			buildConfigurations = (
				8BDAD3751AA60A95009B3458 /* Debug */,
				8BDAD3761AA60A95009B3458 /* Release */,
			);
			defaultConfigurationIsVisible = 0;
			defaultConfigurationName = Release;
		};
/* End XCConfigurationList section */
	};
	rootObject = 8BDAD3461AA60A94009B3458 /* Project object */;
}
