// !$*UTF8*$!
{
	archiveVersion = 1;
	classes = {
	};
	objectVersion = 46;
	objects = {

/* Begin PBXBuildFile section */
		0F3C9D901AD0E91000D1FE9F /* Main.storyboard in Resources */ = {isa = PBXBuildFile; fileRef = 8BDAD35B1AA60A95009B3458 /* Main.storyboard */; };
		0F3C9D911AD0E91300D1FE9F /* LaunchScreen.xib in Resources */ = {isa = PBXBuildFile; fileRef = 8BDAD3601AA60A95009B3458 /* LaunchScreen.xib */; };
		0F3C9D941AD2D59D00D1FE9F /* CustomIOS7AlertView.m in Sources */ = {isa = PBXBuildFile; fileRef = 0F3C9D931AD2D59D00D1FE9F /* CustomIOS7AlertView.m */; };
		0F3FA3341AD5741E00BA7E58 /* DEQDynamicTypeTextView.m in Sources */ = {isa = PBXBuildFile; fileRef = 0F3FA3311AD5741E00BA7E58 /* DEQDynamicTypeTextView.m */; };
		0F3FA3351AD5741E00BA7E58 /* DEQDynamicTypeLabel.m in Sources */ = {isa = PBXBuildFile; fileRef = 0F3FA3331AD5741E00BA7E58 /* DEQDynamicTypeLabel.m */; };
		0F3FA3391AD5836700BA7E58 /* DEQDynamicTypeButton.m in Sources */ = {isa = PBXBuildFile; fileRef = 0F3FA3381AD5836700BA7E58 /* DEQDynamicTypeButton.m */; };
		0F3FA3451AD6C41300BA7E58 /* IFVTabBarController.m in Sources */ = {isa = PBXBuildFile; fileRef = 0F3FA3441AD6C41300BA7E58 /* IFVTabBarController.m */; };
		0F3FCC1C1AD8535400709DC6 /* DQA11yTextField.m in Sources */ = {isa = PBXBuildFile; fileRef = 0F3FCC1B1AD8535400709DC6 /* DQA11yTextField.m */; };
		0FD92C401ACDA61C007E1BAE /* IFVBrokenViewController.m in Sources */ = {isa = PBXBuildFile; fileRef = 0FD92C3F1ACDA61C007E1BAE /* IFVBrokenViewController.m */; };
		0FD92C451ACDC93D007E1BAE /* Localizable.strings in Resources */ = {isa = PBXBuildFile; fileRef = 0FD92C441ACDC93D007E1BAE /* Localizable.strings */; };
		8BD998091AA8BAAF00DBA6AF /* IFVBestViewControllerTests.m in Sources */ = {isa = PBXBuildFile; fileRef = 8BD998081AA8BAAF00DBA6AF /* IFVBestViewControllerTests.m */; };
		8BDAD3541AA60A95009B3458 /* main.m in Sources */ = {isa = PBXBuildFile; fileRef = 8BDAD3531AA60A95009B3458 /* main.m */; };
		8BDAD3571AA60A95009B3458 /* AppDelegate.m in Sources */ = {isa = PBXBuildFile; fileRef = 8BDAD3561AA60A95009B3458 /* AppDelegate.m */; };
		8BDAD35A1AA60A95009B3458 /* IFVBestViewController.m in Sources */ = {isa = PBXBuildFile; fileRef = 8BDAD3591AA60A95009B3458 /* IFVBestViewController.m */; };
		8BDAD35F1AA60A95009B3458 /* Images.xcassets in Resources */ = {isa = PBXBuildFile; fileRef = 8BDAD35E1AA60A95009B3458 /* Images.xcassets */; };
/* End PBXBuildFile section */

/* Begin PBXContainerItemProxy section */
		8BDAD3681AA60A95009B3458 /* PBXContainerItemProxy */ = {
			isa = PBXContainerItemProxy;
			containerPortal = 8BDAD3461AA60A94009B3458 /* Project object */;
			proxyType = 1;
			remoteGlobalIDString = 8BDAD34D1AA60A95009B3458;
			remoteInfo = iOSFormsDemo;
		};
/* End PBXContainerItemProxy section */

/* Begin PBXFileReference section */
		0F3C9D921AD2D59D00D1FE9F /* CustomIOS7AlertView.h */ = {isa = PBXFileReference; fileEncoding = 4; lastKnownFileType = sourcecode.c.h; path = CustomIOS7AlertView.h; sourceTree = "<group>"; };
		0F3C9D931AD2D59D00D1FE9F /* CustomIOS7AlertView.m */ = {isa = PBXFileReference; fileEncoding = 4; lastKnownFileType = sourcecode.c.objc; path = CustomIOS7AlertView.m; sourceTree = "<group>"; };
		0F3FA3301AD5741E00BA7E58 /* DEQDynamicTypeTextView.h */ = {isa = PBXFileReference; fileEncoding = 4; lastKnownFileType = sourcecode.c.h; path = DEQDynamicTypeTextView.h; sourceTree = "<group>"; };
		0F3FA3311AD5741E00BA7E58 /* DEQDynamicTypeTextView.m */ = {isa = PBXFileReference; fileEncoding = 4; lastKnownFileType = sourcecode.c.objc; path = DEQDynamicTypeTextView.m; sourceTree = "<group>"; };
		0F3FA3321AD5741E00BA7E58 /* DEQDynamicTypeLabel.h */ = {isa = PBXFileReference; fileEncoding = 4; lastKnownFileType = sourcecode.c.h; path = DEQDynamicTypeLabel.h; sourceTree = "<group>"; };
		0F3FA3331AD5741E00BA7E58 /* DEQDynamicTypeLabel.m */ = {isa = PBXFileReference; fileEncoding = 4; lastKnownFileType = sourcecode.c.objc; path = DEQDynamicTypeLabel.m; sourceTree = "<group>"; };
		0F3FA3371AD5836700BA7E58 /* DEQDynamicTypeButton.h */ = {isa = PBXFileReference; fileEncoding = 4; lastKnownFileType = sourcecode.c.h; path = DEQDynamicTypeButton.h; sourceTree = "<group>"; };
		0F3FA3381AD5836700BA7E58 /* DEQDynamicTypeButton.m */ = {isa = PBXFileReference; fileEncoding = 4; lastKnownFileType = sourcecode.c.objc; path = DEQDynamicTypeButton.m; sourceTree = "<group>"; };
		0F3FA3431AD6C41300BA7E58 /* IFVTabBarController.h */ = {isa = PBXFileReference; fileEncoding = 4; lastKnownFileType = sourcecode.c.h; path = IFVTabBarController.h; sourceTree = "<group>"; };
		0F3FA3441AD6C41300BA7E58 /* IFVTabBarController.m */ = {isa = PBXFileReference; fileEncoding = 4; lastKnownFileType = sourcecode.c.objc; path = IFVTabBarController.m; sourceTree = "<group>"; };
		0F3FCC1A1AD8535400709DC6 /* DQA11yTextField.h */ = {isa = PBXFileReference; fileEncoding = 4; lastKnownFileType = sourcecode.c.h; path = DQA11yTextField.h; sourceTree = "<group>"; };
		0F3FCC1B1AD8535400709DC6 /* DQA11yTextField.m */ = {isa = PBXFileReference; fileEncoding = 4; lastKnownFileType = sourcecode.c.objc; path = DQA11yTextField.m; sourceTree = "<group>"; };
		0FD92C3E1ACDA61C007E1BAE /* IFVBrokenViewController.h */ = {isa = PBXFileReference; fileEncoding = 4; lastKnownFileType = sourcecode.c.h; path = IFVBrokenViewController.h; sourceTree = "<group>"; };
		0FD92C3F1ACDA61C007E1BAE /* IFVBrokenViewController.m */ = {isa = PBXFileReference; fileEncoding = 4; lastKnownFileType = sourcecode.c.objc; path = IFVBrokenViewController.m; sourceTree = "<group>"; };
		0FD92C441ACDC93D007E1BAE /* Localizable.strings */ = {isa = PBXFileReference; fileEncoding = 4; lastKnownFileType = text.plist.strings; path = Localizable.strings; sourceTree = "<group>"; };
		8BD998081AA8BAAF00DBA6AF /* IFVBestViewControllerTests.m */ = {isa = PBXFileReference; fileEncoding = 4; lastKnownFileType = sourcecode.c.objc; path = IFVBestViewControllerTests.m; sourceTree = "<group>"; };
		8BDAD34E1AA60A95009B3458 /* FormValidation.app */ = {isa = PBXFileReference; explicitFileType = wrapper.application; includeInIndex = 0; path = FormValidation.app; sourceTree = BUILT_PRODUCTS_DIR; };
		8BDAD3521AA60A95009B3458 /* Info.plist */ = {isa = PBXFileReference; lastKnownFileType = text.plist.xml; path = Info.plist; sourceTree = "<group>"; };
		8BDAD3531AA60A95009B3458 /* main.m */ = {isa = PBXFileReference; lastKnownFileType = sourcecode.c.objc; path = main.m; sourceTree = "<group>"; };
		8BDAD3551AA60A95009B3458 /* AppDelegate.h */ = {isa = PBXFileReference; lastKnownFileType = sourcecode.c.h; path = AppDelegate.h; sourceTree = "<group>"; };
		8BDAD3561AA60A95009B3458 /* AppDelegate.m */ = {isa = PBXFileReference; lastKnownFileType = sourcecode.c.objc; path = AppDelegate.m; sourceTree = "<group>"; };
		8BDAD3581AA60A95009B3458 /* IFVBestViewController.h */ = {isa = PBXFileReference; lastKnownFileType = sourcecode.c.h; path = IFVBestViewController.h; sourceTree = "<group>"; };
		8BDAD3591AA60A95009B3458 /* IFVBestViewController.m */ = {isa = PBXFileReference; lastKnownFileType = sourcecode.c.objc; path = IFVBestViewController.m; sourceTree = "<group>"; };
		8BDAD35C1AA60A95009B3458 /* Base */ = {isa = PBXFileReference; lastKnownFileType = file.storyboard; name = Base; path = Base.lproj/Main.storyboard; sourceTree = "<group>"; };
		8BDAD35E1AA60A95009B3458 /* Images.xcassets */ = {isa = PBXFileReference; lastKnownFileType = folder.assetcatalog; path = Images.xcassets; sourceTree = "<group>"; };
		8BDAD3611AA60A95009B3458 /* Base */ = {isa = PBXFileReference; lastKnownFileType = file.xib; name = Base; path = Base.lproj/LaunchScreen.xib; sourceTree = "<group>"; };
		8BDAD3671AA60A95009B3458 /* FormValidationTests.xctest */ = {isa = PBXFileReference; explicitFileType = wrapper.cfbundle; includeInIndex = 0; path = FormValidationTests.xctest; sourceTree = BUILT_PRODUCTS_DIR; };
		8BDAD36C1AA60A95009B3458 /* Info.plist */ = {isa = PBXFileReference; lastKnownFileType = text.plist.xml; path = Info.plist; sourceTree = "<group>"; };
/* End PBXFileReference section */

/* Begin PBXFrameworksBuildPhase section */
		8BDAD34B1AA60A95009B3458 /* Frameworks */ = {
			isa = PBXFrameworksBuildPhase;
			buildActionMask = 2147483647;
			files = (
			);
			runOnlyForDeploymentPostprocessing = 0;
		};
		8BDAD3641AA60A95009B3458 /* Frameworks */ = {
			isa = PBXFrameworksBuildPhase;
			buildActionMask = 2147483647;
			files = (
			);
			runOnlyForDeploymentPostprocessing = 0;
		};
/* End PBXFrameworksBuildPhase section */

/* Begin PBXGroup section */
		0F3FA3361AD5832400BA7E58 /* DynamicTypeClasses */ = {
			isa = PBXGroup;
			children = (
				0F3FA3301AD5741E00BA7E58 /* DEQDynamicTypeTextView.h */,
				0F3FA3311AD5741E00BA7E58 /* DEQDynamicTypeTextView.m */,
				0F3FA3321AD5741E00BA7E58 /* DEQDynamicTypeLabel.h */,
				0F3FA3331AD5741E00BA7E58 /* DEQDynamicTypeLabel.m */,
				0F3FA3371AD5836700BA7E58 /* DEQDynamicTypeButton.h */,
				0F3FA3381AD5836700BA7E58 /* DEQDynamicTypeButton.m */,
				0F3FCC1A1AD8535400709DC6 /* DQA11yTextField.h */,
				0F3FCC1B1AD8535400709DC6 /* DQA11yTextField.m */,
			);
			name = DynamicTypeClasses;
			sourceTree = "<group>";
		};
		0FD92C3D1ACD9FBA007E1BAE /* ViewControllers */ = {
			isa = PBXGroup;
			children = (
				0F3FA3431AD6C41300BA7E58 /* IFVTabBarController.h */,
				0F3FA3441AD6C41300BA7E58 /* IFVTabBarController.m */,
				0FD92C3E1ACDA61C007E1BAE /* IFVBrokenViewController.h */,
				0FD92C3F1ACDA61C007E1BAE /* IFVBrokenViewController.m */,
				8BDAD3581AA60A95009B3458 /* IFVBestViewController.h */,
				8BDAD3591AA60A95009B3458 /* IFVBestViewController.m */,
			);
			name = ViewControllers;
			sourceTree = "<group>";
		};
		8BDAD3451AA60A94009B3458 = {
			isa = PBXGroup;
			children = (
				8BDAD3501AA60A95009B3458 /* FormValidation */,
				8BDAD36A1AA60A95009B3458 /* FormValidationTests */,
				8BDAD34F1AA60A95009B3458 /* Products */,
			);
			sourceTree = "<group>";
		};
		8BDAD34F1AA60A95009B3458 /* Products */ = {
			isa = PBXGroup;
			children = (
				8BDAD34E1AA60A95009B3458 /* FormValidation.app */,
				8BDAD3671AA60A95009B3458 /* FormValidationTests.xctest */,
			);
			name = Products;
			sourceTree = "<group>";
		};
		8BDAD3501AA60A95009B3458 /* FormValidation */ = {
			isa = PBXGroup;
			children = (
				8BDAD3551AA60A95009B3458 /* AppDelegate.h */,
				8BDAD3561AA60A95009B3458 /* AppDelegate.m */,
				8BDAD35B1AA60A95009B3458 /* Main.storyboard */,
				8BDAD3601AA60A95009B3458 /* LaunchScreen.xib */,
				0F3C9D921AD2D59D00D1FE9F /* CustomIOS7AlertView.h */,
				0F3C9D931AD2D59D00D1FE9F /* CustomIOS7AlertView.m */,
				0F3FA3361AD5832400BA7E58 /* DynamicTypeClasses */,
				0FD92C3D1ACD9FBA007E1BAE /* ViewControllers */,
				8BDAD3511AA60A95009B3458 /* Supporting Files */,
			);
			name = FormValidation;
			path = iOSFormsDemo;
			sourceTree = "<group>";
		};
		8BDAD3511AA60A95009B3458 /* Supporting Files */ = {
			isa = PBXGroup;
			children = (
				8BDAD35E1AA60A95009B3458 /* Images.xcassets */,
				8BDAD3521AA60A95009B3458 /* Info.plist */,
				8BDAD3531AA60A95009B3458 /* main.m */,
				0FD92C441ACDC93D007E1BAE /* Localizable.strings */,
			);
			name = "Supporting Files";
			sourceTree = "<group>";
		};
		8BDAD36A1AA60A95009B3458 /* FormValidationTests */ = {
			isa = PBXGroup;
			children = (
				8BD998081AA8BAAF00DBA6AF /* IFVBestViewControllerTests.m */,
				8BDAD36B1AA60A95009B3458 /* Supporting Files */,
			);
			name = FormValidationTests;
			path = iOSFormsDemoTests;
			sourceTree = "<group>";
		};
		8BDAD36B1AA60A95009B3458 /* Supporting Files */ = {
			isa = PBXGroup;
			children = (
				8BDAD36C1AA60A95009B3458 /* Info.plist */,
			);
			name = "Supporting Files";
			sourceTree = "<group>";
		};
/* End PBXGroup section */

/* Begin PBXNativeTarget section */
		8BDAD34D1AA60A95009B3458 /* FormValidation */ = {
			isa = PBXNativeTarget;
			buildConfigurationList = 8BDAD3711AA60A95009B3458 /* Build configuration list for PBXNativeTarget "FormValidation" */;
			buildPhases = (
				8BDAD34A1AA60A95009B3458 /* Sources */,
				8BDAD34B1AA60A95009B3458 /* Frameworks */,
				8BDAD34C1AA60A95009B3458 /* Resources */,
			);
			buildRules = (
			);
			dependencies = (
			);
			name = FormValidation;
			productName = iOSFormsDemo;
			productReference = 8BDAD34E1AA60A95009B3458 /* FormValidation.app */;
			productType = "com.apple.product-type.application";
		};
		8BDAD3661AA60A95009B3458 /* FormValidationTests */ = {
			isa = PBXNativeTarget;
			buildConfigurationList = 8BDAD3741AA60A95009B3458 /* Build configuration list for PBXNativeTarget "FormValidationTests" */;
			buildPhases = (
				8BDAD3631AA60A95009B3458 /* Sources */,
				8BDAD3641AA60A95009B3458 /* Frameworks */,
				8BDAD3651AA60A95009B3458 /* Resources */,
			);
			buildRules = (
			);
			dependencies = (
				8BDAD3691AA60A95009B3458 /* PBXTargetDependency */,
			);
			name = FormValidationTests;
			productName = iOSFormsDemoTests;
			productReference = 8BDAD3671AA60A95009B3458 /* FormValidationTests.xctest */;
			productType = "com.apple.product-type.bundle.unit-test";
		};
/* End PBXNativeTarget section */

/* Begin PBXProject section */
		8BDAD3461AA60A94009B3458 /* Project object */ = {
			isa = PBXProject;
			attributes = {
				LastUpgradeCheck = 0610;
				ORGANIZATIONNAME = "Deque Developer";
				TargetAttributes = {
					8BDAD34D1AA60A95009B3458 = {
						CreatedOnToolsVersion = 6.1.1;
					};
					8BDAD3661AA60A95009B3458 = {
						CreatedOnToolsVersion = 6.1.1;
						TestTargetID = 8BDAD34D1AA60A95009B3458;
					};
				};
			};
			buildConfigurationList = 8BDAD3491AA60A94009B3458 /* Build configuration list for PBXProject "FormValidation" */;
			compatibilityVersion = "Xcode 3.2";
			developmentRegion = English;
			hasScannedForEncodings = 0;
			knownRegions = (
				en,
				Base,
			);
			mainGroup = 8BDAD3451AA60A94009B3458;
			productRefGroup = 8BDAD34F1AA60A95009B3458 /* Products */;
			projectDirPath = "";
			projectRoot = "";
			targets = (
				8BDAD34D1AA60A95009B3458 /* FormValidation */,
				8BDAD3661AA60A95009B3458 /* FormValidationTests */,
			);
		};
/* End PBXProject section */

/* Begin PBXResourcesBuildPhase section */
		8BDAD34C1AA60A95009B3458 /* Resources */ = {
			isa = PBXResourcesBuildPhase;
			buildActionMask = 2147483647;
			files = (
				0F3C9D911AD0E91300D1FE9F /* LaunchScreen.xib in Resources */,
				0F3C9D901AD0E91000D1FE9F /* Main.storyboard in Resources */,
				0FD92C451ACDC93D007E1BAE /* Localizable.strings in Resources */,
				8BDAD35F1AA60A95009B3458 /* Images.xcassets in Resources */,
			);
			runOnlyForDeploymentPostprocessing = 0;
		};
		8BDAD3651AA60A95009B3458 /* Resources */ = {
			isa = PBXResourcesBuildPhase;
			buildActionMask = 2147483647;
			files = (
			);
			runOnlyForDeploymentPostprocessing = 0;
		};
/* End PBXResourcesBuildPhase section */

/* Begin PBXSourcesBuildPhase section */
		8BDAD34A1AA60A95009B3458 /* Sources */ = {
			isa = PBXSourcesBuildPhase;
			buildActionMask = 2147483647;
			files = (
				0F3FA3351AD5741E00BA7E58 /* DEQDynamicTypeLabel.m in Sources */,
				8BDAD35A1AA60A95009B3458 /* IFVBestViewController.m in Sources */,
				8BDAD3571AA60A95009B3458 /* AppDelegate.m in Sources */,
				0FD92C401ACDA61C007E1BAE /* IFVBrokenViewController.m in Sources */,
				0F3C9D941AD2D59D00D1FE9F /* CustomIOS7AlertView.m in Sources */,
				0F3FA3341AD5741E00BA7E58 /* DEQDynamicTypeTextView.m in Sources */,
				0F3FA3391AD5836700BA7E58 /* DEQDynamicTypeButton.m in Sources */,
				8BDAD3541AA60A95009B3458 /* main.m in Sources */,
				0F3FCC1C1AD8535400709DC6 /* DQA11yTextField.m in Sources */,
				0F3FA3451AD6C41300BA7E58 /* IFVTabBarController.m in Sources */,
			);
			runOnlyForDeploymentPostprocessing = 0;
		};
		8BDAD3631AA60A95009B3458 /* Sources */ = {
			isa = PBXSourcesBuildPhase;
			buildActionMask = 2147483647;
			files = (
				8BD998091AA8BAAF00DBA6AF /* IFVBestViewControllerTests.m in Sources */,
			);
			runOnlyForDeploymentPostprocessing = 0;
		};
/* End PBXSourcesBuildPhase section */

/* Begin PBXTargetDependency section */
		8BDAD3691AA60A95009B3458 /* PBXTargetDependency */ = {
			isa = PBXTargetDependency;
			target = 8BDAD34D1AA60A95009B3458 /* FormValidation */;
			targetProxy = 8BDAD3681AA60A95009B3458 /* PBXContainerItemProxy */;
		};
/* End PBXTargetDependency section */

/* Begin PBXVariantGroup section */
		8BDAD35B1AA60A95009B3458 /* Main.storyboard */ = {
			isa = PBXVariantGroup;
			children = (
				8BDAD35C1AA60A95009B3458 /* Base */,
			);
			name = Main.storyboard;
			sourceTree = "<group>";
		};
		8BDAD3601AA60A95009B3458 /* LaunchScreen.xib */ = {
			isa = PBXVariantGroup;
			children = (
				8BDAD3611AA60A95009B3458 /* Base */,
			);
			name = LaunchScreen.xib;
			sourceTree = "<group>";
		};
/* End PBXVariantGroup section */

/* Begin XCBuildConfiguration section */
		8BDAD36F1AA60A95009B3458 /* Debug */ = {
			isa = XCBuildConfiguration;
			buildSettings = {
				ALWAYS_SEARCH_USER_PATHS = NO;
				CLANG_CXX_LANGUAGE_STANDARD = "gnu++0x";
				CLANG_CXX_LIBRARY = "libc++";
				CLANG_ENABLE_MODULES = YES;
				CLANG_ENABLE_OBJC_ARC = YES;
				CLANG_WARN_BOOL_CONVERSION = YES;
				CLANG_WARN_CONSTANT_CONVERSION = YES;
				CLANG_WARN_DIRECT_OBJC_ISA_USAGE = YES_ERROR;
				CLANG_WARN_EMPTY_BODY = YES;
				CLANG_WARN_ENUM_CONVERSION = YES;
				CLANG_WARN_INT_CONVERSION = YES;
				CLANG_WARN_OBJC_ROOT_CLASS = YES_ERROR;
				CLANG_WARN_UNREACHABLE_CODE = YES;
				CLANG_WARN__DUPLICATE_METHOD_MATCH = YES;
				"CODE_SIGN_IDENTITY[sdk=iphoneos*]" = "iPhone Developer";
				COPY_PHASE_STRIP = NO;
				ENABLE_STRICT_OBJC_MSGSEND = YES;
				GCC_C_LANGUAGE_STANDARD = gnu99;
				GCC_DYNAMIC_NO_PIC = NO;
				GCC_OPTIMIZATION_LEVEL = 0;
				GCC_PREPROCESSOR_DEFINITIONS = (
					"DEBUG=1",
					"$(inherited)",
				);
				GCC_SYMBOLS_PRIVATE_EXTERN = NO;
				GCC_WARN_64_TO_32_BIT_CONVERSION = YES;
				GCC_WARN_ABOUT_RETURN_TYPE = YES_ERROR;
				GCC_WARN_UNDECLARED_SELECTOR = YES;
				GCC_WARN_UNINITIALIZED_AUTOS = YES_AGGRESSIVE;
				GCC_WARN_UNUSED_FUNCTION = YES;
				GCC_WARN_UNUSED_VARIABLE = YES;
				IPHONEOS_DEPLOYMENT_TARGET = 8.1;
				MTL_ENABLE_DEBUG_INFO = YES;
				ONLY_ACTIVE_ARCH = YES;
				SDKROOT = iphoneos;
				TARGETED_DEVICE_FAMILY = "1,2";
			};
			name = Debug;
		};
		8BDAD3701AA60A95009B3458 /* Release */ = {
			isa = XCBuildConfiguration;
			buildSettings = {
				ALWAYS_SEARCH_USER_PATHS = NO;
				CLANG_CXX_LANGUAGE_STANDARD = "gnu++0x";
				CLANG_CXX_LIBRARY = "libc++";
				CLANG_ENABLE_MODULES = YES;
				CLANG_ENABLE_OBJC_ARC = YES;
				CLANG_WARN_BOOL_CONVERSION = YES;
				CLANG_WARN_CONSTANT_CONVERSION = YES;
				CLANG_WARN_DIRECT_OBJC_ISA_USAGE = YES_ERROR;
				CLANG_WARN_EMPTY_BODY = YES;
				CLANG_WARN_ENUM_CONVERSION = YES;
				CLANG_WARN_INT_CONVERSION = YES;
				CLANG_WARN_OBJC_ROOT_CLASS = YES_ERROR;
				CLANG_WARN_UNREACHABLE_CODE = YES;
				CLANG_WARN__DUPLICATE_METHOD_MATCH = YES;
				"CODE_SIGN_IDENTITY[sdk=iphoneos*]" = "iPhone Developer";
				COPY_PHASE_STRIP = YES;
				ENABLE_NS_ASSERTIONS = NO;
				ENABLE_STRICT_OBJC_MSGSEND = YES;
				GCC_C_LANGUAGE_STANDARD = gnu99;
				GCC_WARN_64_TO_32_BIT_CONVERSION = YES;
				GCC_WARN_ABOUT_RETURN_TYPE = YES_ERROR;
				GCC_WARN_UNDECLARED_SELECTOR = YES;
				GCC_WARN_UNINITIALIZED_AUTOS = YES_AGGRESSIVE;
				GCC_WARN_UNUSED_FUNCTION = YES;
				GCC_WARN_UNUSED_VARIABLE = YES;
				IPHONEOS_DEPLOYMENT_TARGET = 8.1;
				MTL_ENABLE_DEBUG_INFO = NO;
				SDKROOT = iphoneos;
				TARGETED_DEVICE_FAMILY = "1,2";
				VALIDATE_PRODUCT = YES;
			};
			name = Release;
		};
		8BDAD3721AA60A95009B3458 /* Debug */ = {
			isa = XCBuildConfiguration;
			buildSettings = {
				ASSETCATALOG_COMPILER_APPICON_NAME = AppIcon;
				INFOPLIST_FILE = iOSFormsDemo/Info.plist;
				LD_RUNPATH_SEARCH_PATHS = "$(inherited) @executable_path/Frameworks";
				PRODUCT_NAME = FormValidation;
			};
			name = Debug;
		};
		8BDAD3731AA60A95009B3458 /* Release */ = {
			isa = XCBuildConfiguration;
			buildSettings = {
				ASSETCATALOG_COMPILER_APPICON_NAME = AppIcon;
				INFOPLIST_FILE = iOSFormsDemo/Info.plist;
				LD_RUNPATH_SEARCH_PATHS = "$(inherited) @executable_path/Frameworks";
				PRODUCT_NAME = FormValidation;
			};
			name = Release;
		};
		8BDAD3751AA60A95009B3458 /* Debug */ = {
			isa = XCBuildConfiguration;
			buildSettings = {
				BUNDLE_LOADER = "$(TEST_HOST)";
				FRAMEWORK_SEARCH_PATHS = (
					"$(SDKROOT)/Developer/Library/Frameworks",
					"$(inherited)",
				);
				GCC_PREPROCESSOR_DEFINITIONS = (
					"DEBUG=1",
					"$(inherited)",
				);
				INFOPLIST_FILE = iOSFormsDemoTests/Info.plist;
				LD_RUNPATH_SEARCH_PATHS = "$(inherited) @executable_path/Frameworks @loader_path/Frameworks";
				PRODUCT_NAME = FormValidationTests;
				TEST_HOST = "$(BUILT_PRODUCTS_DIR)/FormValidation.app/FormValidation";
			};
			name = Debug;
		};
		8BDAD3761AA60A95009B3458 /* Release */ = {
			isa = XCBuildConfiguration;
			buildSettings = {
				BUNDLE_LOADER = "$(TEST_HOST)";
				FRAMEWORK_SEARCH_PATHS = (
					"$(SDKROOT)/Developer/Library/Frameworks",
					"$(inherited)",
				);
				INFOPLIST_FILE = iOSFormsDemoTests/Info.plist;
				LD_RUNPATH_SEARCH_PATHS = "$(inherited) @executable_path/Frameworks @loader_path/Frameworks";
				PRODUCT_NAME = FormValidationTests;
				TEST_HOST = "$(BUILT_PRODUCTS_DIR)/FormValidation.app/FormValidation";
			};
			name = Release;
		};
/* End XCBuildConfiguration section */

/* Begin XCConfigurationList section */
		8BDAD3491AA60A94009B3458 /* Build configuration list for PBXProject "FormValidation" */ = {
			isa = XCConfigurationList;
			buildConfigurations = (
				8BDAD36F1AA60A95009B3458 /* Debug */,
				8BDAD3701AA60A95009B3458 /* Release */,
			);
			defaultConfigurationIsVisible = 0;
			defaultConfigurationName = Release;
		};
		8BDAD3711AA60A95009B3458 /* Build configuration list for PBXNativeTarget "FormValidation" */ = {
			isa = XCConfigurationList;
			buildConfigurations = (
				8BDAD3721AA60A95009B3458 /* Debug */,
				8BDAD3731AA60A95009B3458 /* Release */,
			);
			defaultConfigurationIsVisible = 0;
			defaultConfigurationName = Release;
		};
		8BDAD3741AA60A95009B3458 /* Build configuration list for PBXNativeTarget "FormValidationTests" */ = {
			isa = XCConfigurationList;
			buildConfigurations = (
				8BDAD3751AA60A95009B3458 /* Debug */,
				8BDAD3761AA60A95009B3458 /* Release */,
			);
			defaultConfigurationIsVisible = 0;
			defaultConfigurationName = Release;
		};
/* End XCConfigurationList section */
	};
	rootObject = 8BDAD3461AA60A94009B3458 /* Project object */;
}
